
Microsoft Visual Studio Solution File, Format Version 12.00
# Visual Studio Version 17
VisualStudioVersion = 17.0.31903.59
MinimumVisualStudioVersion = 10.0.40219.1
Project("{2150E333-8FDC-42A3-9474-1A3956D46DE8}") = "src", "src", "{827E0CD3-B72D-47B6-A68D-7590B98EB39B}"
EndProject
Project("{FAE04EC0-301F-11D3-BF4B-00C04F79EFBC}") = "Cember.Domain", "src\Cember.Domain\Cember.Domain.csproj", "{1780D5C5-4079-4877-B65B-31AC77FDCE8F}"
EndProject
Project("{FAE04EC0-301F-11D3-BF4B-00C04F79EFBC}") = "Cember.Application", "src\Cember.Application\Cember.Application.csproj", "{19867E95-D51B-4496-9008-5B6E966C00D2}"
EndProject
Project("{FAE04EC0-301F-11D3-BF4B-00C04F79EFBC}") = "Cember.Infrastructure", "src\Cember.Infrastructure\Cember.Infrastructure.csproj", "{B260794C-F78B-45DC-ABA1-D67DC2F88001}"
EndProject
Project("{FAE04EC0-301F-11D3-BF4B-00C04F79EFBC}") = "Cember.Api", "src\Cember.Api\Cember.Api.csproj", "{7AF7CBFE-D2E8-41C9-A20B-F01929C11D78}"
EndProject
Project("{FAE04EC0-301F-11D3-BF4B-00C04F79EFBC}") = "Cember.Admin", "src\Cember.Admin\Cember.Admin.csproj", "{A98B47DE-0CB8-451A-AF01-AB55AFE2E269}"
EndProject
Project("{2150E333-8FDC-42A3-9474-1A3956D46DE8}") = "tests", "tests", "{0AB3BF05-4346-4AA6-1389-037BE0695223}"
EndProject
Project("{FAE04EC0-301F-11D3-BF4B-00C04F79EFBC}") = "Cember.Tests", "tests\Cember.Tests\Cember.Tests.csproj", "{C79D0621-2E92-4B48-8F66-B5F1EB679FE9}"
EndProject
Global
	GlobalSection(SolutionConfigurationPlatforms) = preSolution
		Debug|Any CPU = Debug|Any CPU
		Debug|x64 = Debug|x64
		Debug|x86 = Debug|x86
		Release|Any CPU = Release|Any CPU
		Release|x64 = Release|x64
		Release|x86 = Release|x86
	EndGlobalSection
	GlobalSection(ProjectConfigurationPlatforms) = postSolution
		{1780D5C5-4079-4877-B65B-31AC77FDCE8F}.Debug|Any CPU.ActiveCfg = Debug|Any CPU
		{1780D5C5-4079-4877-B65B-31AC77FDCE8F}.Debug|Any CPU.Build.0 = Debug|Any CPU
		{1780D5C5-4079-4877-B65B-31AC77FDCE8F}.Debug|x64.ActiveCfg = Debug|Any CPU
		{1780D5C5-4079-4877-B65B-31AC77FDCE8F}.Debug|x64.Build.0 = Debug|Any CPU
		{1780D5C5-4079-4877-B65B-31AC77FDCE8F}.Debug|x86.ActiveCfg = Debug|Any CPU
		{1780D5C5-4079-4877-B65B-31AC77FDCE8F}.Debug|x86.Build.0 = Debug|Any CPU
		{1780D5C5-4079-4877-B65B-31AC77FDCE8F}.Release|Any CPU.ActiveCfg = Release|Any CPU
		{1780D5C5-4079-4877-B65B-31AC77FDCE8F}.Release|Any CPU.Build.0 = Release|Any CPU
		{1780D5C5-4079-4877-B65B-31AC77FDCE8F}.Release|x64.ActiveCfg = Release|Any CPU
		{1780D5C5-4079-4877-B65B-31AC77FDCE8F}.Release|x64.Build.0 = Release|Any CPU
		{1780D5C5-4079-4877-B65B-31AC77FDCE8F}.Release|x86.ActiveCfg = Release|Any CPU
		{1780D5C5-4079-4877-B65B-31AC77FDCE8F}.Release|x86.Build.0 = Release|Any CPU
		{19867E95-D51B-4496-9008-5B6E966C00D2}.Debug|Any CPU.ActiveCfg = Debug|Any CPU
		{19867E95-D51B-4496-9008-5B6E966C00D2}.Debug|Any CPU.Build.0 = Debug|Any CPU
		{19867E95-D51B-4496-9008-5B6E966C00D2}.Debug|x64.ActiveCfg = Debug|Any CPU
		{19867E95-D51B-4496-9008-5B6E966C00D2}.Debug|x64.Build.0 = Debug|Any CPU
		{19867E95-D51B-4496-9008-5B6E966C00D2}.Debug|x86.ActiveCfg = Debug|Any CPU
		{19867E95-D51B-4496-9008-5B6E966C00D2}.Debug|x86.Build.0 = Debug|Any CPU
		{19867E95-D51B-4496-9008-5B6E966C00D2}.Release|Any CPU.ActiveCfg = Release|Any CPU
		{19867E95-D51B-4496-9008-5B6E966C00D2}.Release|Any CPU.Build.0 = Release|Any CPU
		{19867E95-D51B-4496-9008-5B6E966C00D2}.Release|x64.ActiveCfg = Release|Any CPU
		{19867E95-D51B-4496-9008-5B6E966C00D2}.Release|x64.Build.0 = Release|Any CPU
		{19867E95-D51B-4496-9008-5B6E966C00D2}.Release|x86.ActiveCfg = Release|Any CPU
		{19867E95-D51B-4496-9008-5B6E966C00D2}.Release|x86.Build.0 = Release|Any CPU
		{B260794C-F78B-45DC-ABA1-D67DC2F88001}.Debug|Any CPU.ActiveCfg = Debug|Any CPU
		{B260794C-F78B-45DC-ABA1-D67DC2F88001}.Debug|Any CPU.Build.0 = Debug|Any CPU
		{B260794C-F78B-45DC-ABA1-D67DC2F88001}.Debug|x64.ActiveCfg = Debug|Any CPU
		{B260794C-F78B-45DC-ABA1-D67DC2F88001}.Debug|x64.Build.0 = Debug|Any CPU
		{B260794C-F78B-45DC-ABA1-D67DC2F88001}.Debug|x86.ActiveCfg = Debug|Any CPU
		{B260794C-F78B-45DC-ABA1-D67DC2F88001}.Debug|x86.Build.0 = Debug|Any CPU
		{B260794C-F78B-45DC-ABA1-D67DC2F88001}.Release|Any CPU.ActiveCfg = Release|Any CPU
		{B260794C-F78B-45DC-ABA1-D67DC2F88001}.Release|Any CPU.Build.0 = Release|Any CPU
		{B260794C-F78B-45DC-ABA1-D67DC2F88001}.Release|x64.ActiveCfg = Release|Any CPU
		{B260794C-F78B-45DC-ABA1-D67DC2F88001}.Release|x64.Build.0 = Release|Any CPU
		{B260794C-F78B-45DC-ABA1-D67DC2F88001}.Release|x86.ActiveCfg = Release|Any CPU
		{B260794C-F78B-45DC-ABA1-D67DC2F88001}.Release|x86.Build.0 = Release|Any CPU
		{7AF7CBFE-D2E8-41C9-A20B-F01929C11D78}.Debug|Any CPU.ActiveCfg = Debug|Any CPU
		{7AF7CBFE-D2E8-41C9-A20B-F01929C11D78}.Debug|Any CPU.Build.0 = Debug|Any CPU
		{7AF7CBFE-D2E8-41C9-A20B-F01929C11D78}.Debug|x64.ActiveCfg = Debug|Any CPU
		{7AF7CBFE-D2E8-41C9-A20B-F01929C11D78}.Debug|x64.Build.0 = Debug|Any CPU
		{7AF7CBFE-D2E8-41C9-A20B-F01929C11D78}.Debug|x86.ActiveCfg = Debug|Any CPU
		{7AF7CBFE-D2E8-41C9-A20B-F01929C11D78}.Debug|x86.Build.0 = Debug|Any CPU
		{7AF7CBFE-D2E8-41C9-A20B-F01929C11D78}.Release|Any CPU.ActiveCfg = Release|Any CPU
		{7AF7CBFE-D2E8-41C9-A20B-F01929C11D78}.Release|Any CPU.Build.0 = Release|Any CPU
		{7AF7CBFE-D2E8-41C9-A20B-F01929C11D78}.Release|x64.ActiveCfg = Release|Any CPU
		{7AF7CBFE-D2E8-41C9-A20B-F01929C11D78}.Release|x64.Build.0 = Release|Any CPU
		{7AF7CBFE-D2E8-41C9-A20B-F01929C11D78}.Release|x86.ActiveCfg = Release|Any CPU
		{7AF7CBFE-D2E8-41C9-A20B-F01929C11D78}.Release|x86.Build.0 = Release|Any CPU
		{A98B47DE-0CB8-451A-AF01-AB55AFE2E269}.Debug|Any CPU.ActiveCfg = Debug|Any CPU
		{A98B47DE-0CB8-451A-AF01-AB55AFE2E269}.Debug|Any CPU.Build.0 = Debug|Any CPU
		{A98B47DE-0CB8-451A-AF01-AB55AFE2E269}.Debug|x64.ActiveCfg = Debug|Any CPU
		{A98B47DE-0CB8-451A-AF01-AB55AFE2E269}.Debug|x64.Build.0 = Debug|Any CPU
		{A98B47DE-0CB8-451A-AF01-AB55AFE2E269}.Debug|x86.ActiveCfg = Debug|Any CPU
		{A98B47DE-0CB8-451A-AF01-AB55AFE2E269}.Debug|x86.Build.0 = Debug|Any CPU
		{A98B47DE-0CB8-451A-AF01-AB55AFE2E269}.Release|Any CPU.ActiveCfg = Release|Any CPU
		{A98B47DE-0CB8-451A-AF01-AB55AFE2E269}.Release|Any CPU.Build.0 = Release|Any CPU
		{A98B47DE-0CB8-451A-AF01-AB55AFE2E269}.Release|x64.ActiveCfg = Release|Any CPU
		{A98B47DE-0CB8-451A-AF01-AB55AFE2E269}.Release|x64.Build.0 = Release|Any CPU
		{A98B47DE-0CB8-451A-AF01-AB55AFE2E269}.Release|x86.ActiveCfg = Release|Any CPU
		{A98B47DE-0CB8-451A-AF01-AB55AFE2E269}.Release|x86.Build.0 = Release|Any CPU
		{C79D0621-2E92-4B48-8F66-B5F1EB679FE9}.Debug|Any CPU.ActiveCfg = Debug|Any CPU
		{C79D0621-2E92-4B48-8F66-B5F1EB679FE9}.Debug|Any CPU.Build.0 = Debug|Any CPU
		{C79D0621-2E92-4B48-8F66-B5F1EB679FE9}.Debug|x64.ActiveCfg = Debug|Any CPU
		{C79D0621-2E92-4B48-8F66-B5F1EB679FE9}.Debug|x64.Build.0 = Debug|Any CPU
		{C79D0621-2E92-4B48-8F66-B5F1EB679FE9}.Debug|x86.ActiveCfg = Debug|Any CPU
		{C79D0621-2E92-4B48-8F66-B5F1EB679FE9}.Debug|x86.Build.0 = Debug|Any CPU
		{C79D0621-2E92-4B48-8F66-B5F1EB679FE9}.Release|Any CPU.ActiveCfg = Release|Any CPU
		{C79D0621-2E92-4B48-8F66-B5F1EB679FE9}.Release|Any CPU.Build.0 = Release|Any CPU
		{C79D0621-2E92-4B48-8F66-B5F1EB679FE9}.Release|x64.ActiveCfg = Release|Any CPU
		{C79D0621-2E92-4B48-8F66-B5F1EB679FE9}.Release|x64.Build.0 = Release|Any CPU
		{C79D0621-2E92-4B48-8F66-B5F1EB679FE9}.Release|x86.ActiveCfg = Release|Any CPU
		{C79D0621-2E92-4B48-8F66-B5F1EB679FE9}.Release|x86.Build.0 = Release|Any CPU
	EndGlobalSection
	GlobalSection(SolutionProperties) = preSolution
		HideSolutionNode = FALSE
	EndGlobalSection
	GlobalSection(NestedProjects) = preSolution
		{1780D5C5-4079-4877-B65B-31AC77FDCE8F} = {827E0CD3-B72D-47B6-A68D-7590B98EB39B}
		{19867E95-D51B-4496-9008-5B6E966C00D2} = {827E0CD3-B72D-47B6-A68D-7590B98EB39B}
		{B260794C-F78B-45DC-ABA1-D67DC2F88001} = {827E0CD3-B72D-47B6-A68D-7590B98EB39B}
		{7AF7CBFE-D2E8-41C9-A20B-F01929C11D78} = {827E0CD3-B72D-47B6-A68D-7590B98EB39B}
		{A98B47DE-0CB8-451A-AF01-AB55AFE2E269} = {827E0CD3-B72D-47B6-A68D-7590B98EB39B}
		{C79D0621-2E92-4B48-8F66-B5F1EB679FE9} = {0AB3BF05-4346-4AA6-1389-037BE0695223}
	EndGlobalSection
EndGlobal
